// !$*UTF8*$!
{
	archiveVersion = 1;
	classes = {
	};
	objectVersion = 50;
	objects = {

/* Begin PBXBuildFile section */
		0011A87122F5A94300305579 /* AppDelegate.swift in Sources */ = {isa = PBXBuildFile; fileRef = 0011A87022F5A94300305579 /* AppDelegate.swift */; };
		0011A87322F5A94300305579 /* ViewController.swift in Sources */ = {isa = PBXBuildFile; fileRef = 0011A87222F5A94300305579 /* ViewController.swift */; };
		0011A87622F5A94300305579 /* Main.storyboard in Resources */ = {isa = PBXBuildFile; fileRef = 0011A87422F5A94300305579 /* Main.storyboard */; };
		0011A87922F5A94300305579 /* KeysInMyPurse.xcdatamodeld in Sources */ = {isa = PBXBuildFile; fileRef = 0011A87722F5A94300305579 /* KeysInMyPurse.xcdatamodeld */; };
		0011A87B22F5A94E00305579 /* Assets.xcassets in Resources */ = {isa = PBXBuildFile; fileRef = 0011A87A22F5A94E00305579 /* Assets.xcassets */; };
		0011A87E22F5A94E00305579 /* LaunchScreen.storyboard in Resources */ = {isa = PBXBuildFile; fileRef = 0011A87C22F5A94E00305579 /* LaunchScreen.storyboard */; };
		0011A88922F5A94E00305579 /* KeysInMyPurseTests.swift in Sources */ = {isa = PBXBuildFile; fileRef = 0011A88822F5A94E00305579 /* KeysInMyPurseTests.swift */; };
		0011A89422F5A94E00305579 /* KeysInMyPurseUITests.swift in Sources */ = {isa = PBXBuildFile; fileRef = 0011A89322F5A94E00305579 /* KeysInMyPurseUITests.swift */; };
		0052B7F022F5AB7B009149C7 /* AllKeysViewController.swift in Sources */ = {isa = PBXBuildFile; fileRef = 0052B7EF22F5AB7B009149C7 /* AllKeysViewController.swift */; };
		0052B7F222F5ABAE009149C7 /* KeychainWrapper.swift in Sources */ = {isa = PBXBuildFile; fileRef = 0052B7F122F5ABAD009149C7 /* KeychainWrapper.swift */; };
		0052B7F422F5ACA5009149C7 /* KeysCell.swift in Sources */ = {isa = PBXBuildFile; fileRef = 0052B7F322F5ACA5009149C7 /* KeysCell.swift */; };
		0052B7F822F5B439009149C7 /* EditPasswordViewController.swift in Sources */ = {isa = PBXBuildFile; fileRef = 0052B7F722F5B439009149C7 /* EditPasswordViewController.swift */; };
/* End PBXBuildFile section */

/* Begin PBXContainerItemProxy section */
		0011A88522F5A94E00305579 /* PBXContainerItemProxy */ = {
			isa = PBXContainerItemProxy;
			containerPortal = 0011A86522F5A94300305579 /* Project object */;
			proxyType = 1;
			remoteGlobalIDString = 0011A86C22F5A94300305579;
			remoteInfo = KeysInMyPurse;
		};
		0011A89022F5A94E00305579 /* PBXContainerItemProxy */ = {
			isa = PBXContainerItemProxy;
			containerPortal = 0011A86522F5A94300305579 /* Project object */;
			proxyType = 1;
			remoteGlobalIDString = 0011A86C22F5A94300305579;
			remoteInfo = KeysInMyPurse;
		};
/* End PBXContainerItemProxy section */

/* Begin PBXFileReference section */
		0011A86D22F5A94300305579 /* KeysInMyPurse.app */ = {isa = PBXFileReference; explicitFileType = wrapper.application; includeInIndex = 0; path = KeysInMyPurse.app; sourceTree = BUILT_PRODUCTS_DIR; };
		0011A87022F5A94300305579 /* AppDelegate.swift */ = {isa = PBXFileReference; lastKnownFileType = sourcecode.swift; path = AppDelegate.swift; sourceTree = "<group>"; };
		0011A87222F5A94300305579 /* ViewController.swift */ = {isa = PBXFileReference; lastKnownFileType = sourcecode.swift; path = ViewController.swift; sourceTree = "<group>"; };
		0011A87522F5A94300305579 /* Base */ = {isa = PBXFileReference; lastKnownFileType = file.storyboard; name = Base; path = Base.lproj/Main.storyboard; sourceTree = "<group>"; };
		0011A87822F5A94300305579 /* KeysInMyPurse.xcdatamodel */ = {isa = PBXFileReference; lastKnownFileType = wrapper.xcdatamodel; path = KeysInMyPurse.xcdatamodel; sourceTree = "<group>"; };
		0011A87A22F5A94E00305579 /* Assets.xcassets */ = {isa = PBXFileReference; lastKnownFileType = folder.assetcatalog; path = Assets.xcassets; sourceTree = "<group>"; };
		0011A87D22F5A94E00305579 /* Base */ = {isa = PBXFileReference; lastKnownFileType = file.storyboard; name = Base; path = Base.lproj/LaunchScreen.storyboard; sourceTree = "<group>"; };
		0011A87F22F5A94E00305579 /* Info.plist */ = {isa = PBXFileReference; lastKnownFileType = text.plist.xml; path = Info.plist; sourceTree = "<group>"; };
		0011A88422F5A94E00305579 /* KeysInMyPurseTests.xctest */ = {isa = PBXFileReference; explicitFileType = wrapper.cfbundle; includeInIndex = 0; path = KeysInMyPurseTests.xctest; sourceTree = BUILT_PRODUCTS_DIR; };
		0011A88822F5A94E00305579 /* KeysInMyPurseTests.swift */ = {isa = PBXFileReference; lastKnownFileType = sourcecode.swift; path = KeysInMyPurseTests.swift; sourceTree = "<group>"; };
		0011A88A22F5A94E00305579 /* Info.plist */ = {isa = PBXFileReference; lastKnownFileType = text.plist.xml; path = Info.plist; sourceTree = "<group>"; };
		0011A88F22F5A94E00305579 /* KeysInMyPurseUITests.xctest */ = {isa = PBXFileReference; explicitFileType = wrapper.cfbundle; includeInIndex = 0; path = KeysInMyPurseUITests.xctest; sourceTree = BUILT_PRODUCTS_DIR; };
		0011A89322F5A94E00305579 /* KeysInMyPurseUITests.swift */ = {isa = PBXFileReference; lastKnownFileType = sourcecode.swift; path = KeysInMyPurseUITests.swift; sourceTree = "<group>"; };
		0011A89522F5A94E00305579 /* Info.plist */ = {isa = PBXFileReference; lastKnownFileType = text.plist.xml; path = Info.plist; sourceTree = "<group>"; };
		0052B7EF22F5AB7B009149C7 /* AllKeysViewController.swift */ = {isa = PBXFileReference; lastKnownFileType = sourcecode.swift; path = AllKeysViewController.swift; sourceTree = "<group>"; };
		0052B7F122F5ABAD009149C7 /* KeychainWrapper.swift */ = {isa = PBXFileReference; lastKnownFileType = sourcecode.swift; path = KeychainWrapper.swift; sourceTree = "<group>"; };
		0052B7F322F5ACA5009149C7 /* KeysCell.swift */ = {isa = PBXFileReference; lastKnownFileType = sourcecode.swift; path = KeysCell.swift; sourceTree = "<group>"; };
		0052B7F722F5B439009149C7 /* EditPasswordViewController.swift */ = {isa = PBXFileReference; lastKnownFileType = sourcecode.swift; path = EditPasswordViewController.swift; sourceTree = "<group>"; };
/* End PBXFileReference section */

/* Begin PBXFrameworksBuildPhase section */
		0011A86A22F5A94300305579 /* Frameworks */ = {
			isa = PBXFrameworksBuildPhase;
			buildActionMask = 2147483647;
			files = (
			);
			runOnlyForDeploymentPostprocessing = 0;
		};
		0011A88122F5A94E00305579 /* Frameworks */ = {
			isa = PBXFrameworksBuildPhase;
			buildActionMask = 2147483647;
			files = (
			);
			runOnlyForDeploymentPostprocessing = 0;
		};
		0011A88C22F5A94E00305579 /* Frameworks */ = {
			isa = PBXFrameworksBuildPhase;
			buildActionMask = 2147483647;
			files = (
			);
			runOnlyForDeploymentPostprocessing = 0;
		};
/* End PBXFrameworksBuildPhase section */

/* Begin PBXGroup section */
		0011A86422F5A94300305579 = {
			isa = PBXGroup;
			children = (
				0011A86F22F5A94300305579 /* KeysInMyPurse */,
				0011A88722F5A94E00305579 /* KeysInMyPurseTests */,
				0011A89222F5A94E00305579 /* KeysInMyPurseUITests */,
				0011A86E22F5A94300305579 /* Products */,
			);
			sourceTree = "<group>";
		};
		0011A86E22F5A94300305579 /* Products */ = {
			isa = PBXGroup;
			children = (
				0011A86D22F5A94300305579 /* KeysInMyPurse.app */,
				0011A88422F5A94E00305579 /* KeysInMyPurseTests.xctest */,
				0011A88F22F5A94E00305579 /* KeysInMyPurseUITests.xctest */,
			);
			name = Products;
			sourceTree = "<group>";
		};
		0011A86F22F5A94300305579 /* KeysInMyPurse */ = {
			isa = PBXGroup;
			children = (
				0011A87022F5A94300305579 /* AppDelegate.swift */,
				0011A87222F5A94300305579 /* ViewController.swift */,
				0052B7F322F5ACA5009149C7 /* KeysCell.swift */,
				0052B7EF22F5AB7B009149C7 /* AllKeysViewController.swift */,
				0052B7F722F5B439009149C7 /* EditPasswordViewController.swift */,
				0052B7F122F5ABAD009149C7 /* KeychainWrapper.swift */,
				0011A87422F5A94300305579 /* Main.storyboard */,
				0011A87A22F5A94E00305579 /* Assets.xcassets */,
				0011A87C22F5A94E00305579 /* LaunchScreen.storyboard */,
				0011A87F22F5A94E00305579 /* Info.plist */,
				0011A87722F5A94300305579 /* KeysInMyPurse.xcdatamodeld */,
			);
			path = KeysInMyPurse;
			sourceTree = "<group>";
		};
		0011A88722F5A94E00305579 /* KeysInMyPurseTests */ = {
			isa = PBXGroup;
			children = (
				0011A88822F5A94E00305579 /* KeysInMyPurseTests.swift */,
				0011A88A22F5A94E00305579 /* Info.plist */,
			);
			path = KeysInMyPurseTests;
			sourceTree = "<group>";
		};
		0011A89222F5A94E00305579 /* KeysInMyPurseUITests */ = {
			isa = PBXGroup;
			children = (
				0011A89322F5A94E00305579 /* KeysInMyPurseUITests.swift */,
				0011A89522F5A94E00305579 /* Info.plist */,
			);
			path = KeysInMyPurseUITests;
			sourceTree = "<group>";
		};
/* End PBXGroup section */

/* Begin PBXNativeTarget section */
		0011A86C22F5A94300305579 /* KeysInMyPurse */ = {
			isa = PBXNativeTarget;
			buildConfigurationList = 0011A89822F5A94E00305579 /* Build configuration list for PBXNativeTarget "KeysInMyPurse" */;
			buildPhases = (
				0011A86922F5A94300305579 /* Sources */,
				0011A86A22F5A94300305579 /* Frameworks */,
				0011A86B22F5A94300305579 /* Resources */,
			);
			buildRules = (
			);
			dependencies = (
			);
			name = KeysInMyPurse;
			productName = KeysInMyPurse;
			productReference = 0011A86D22F5A94300305579 /* KeysInMyPurse.app */;
			productType = "com.apple.product-type.application";
		};
		0011A88322F5A94E00305579 /* KeysInMyPurseTests */ = {
			isa = PBXNativeTarget;
			buildConfigurationList = 0011A89B22F5A94E00305579 /* Build configuration list for PBXNativeTarget "KeysInMyPurseTests" */;
			buildPhases = (
				0011A88022F5A94E00305579 /* Sources */,
				0011A88122F5A94E00305579 /* Frameworks */,
				0011A88222F5A94E00305579 /* Resources */,
			);
			buildRules = (
			);
			dependencies = (
				0011A88622F5A94E00305579 /* PBXTargetDependency */,
			);
			name = KeysInMyPurseTests;
			productName = KeysInMyPurseTests;
			productReference = 0011A88422F5A94E00305579 /* KeysInMyPurseTests.xctest */;
			productType = "com.apple.product-type.bundle.unit-test";
		};
		0011A88E22F5A94E00305579 /* KeysInMyPurseUITests */ = {
			isa = PBXNativeTarget;
			buildConfigurationList = 0011A89E22F5A94E00305579 /* Build configuration list for PBXNativeTarget "KeysInMyPurseUITests" */;
			buildPhases = (
				0011A88B22F5A94E00305579 /* Sources */,
				0011A88C22F5A94E00305579 /* Frameworks */,
				0011A88D22F5A94E00305579 /* Resources */,
			);
			buildRules = (
			);
			dependencies = (
				0011A89122F5A94E00305579 /* PBXTargetDependency */,
			);
			name = KeysInMyPurseUITests;
			productName = KeysInMyPurseUITests;
			productReference = 0011A88F22F5A94E00305579 /* KeysInMyPurseUITests.xctest */;
			productType = "com.apple.product-type.bundle.ui-testing";
		};
/* End PBXNativeTarget section */

/* Begin PBXProject section */
		0011A86522F5A94300305579 /* Project object */ = {
			isa = PBXProject;
			attributes = {
				LastSwiftUpdateCheck = 1020;
				LastUpgradeCheck = 1020;
				ORGANIZATIONNAME = "Viranchee L";
				TargetAttributes = {
					0011A86C22F5A94300305579 = {
						CreatedOnToolsVersion = 10.2.1;
					};
					0011A88322F5A94E00305579 = {
						CreatedOnToolsVersion = 10.2.1;
						TestTargetID = 0011A86C22F5A94300305579;
					};
					0011A88E22F5A94E00305579 = {
						CreatedOnToolsVersion = 10.2.1;
						TestTargetID = 0011A86C22F5A94300305579;
					};
				};
			};
			buildConfigurationList = 0011A86822F5A94300305579 /* Build configuration list for PBXProject "KeysInMyPurse" */;
			compatibilityVersion = "Xcode 9.3";
			developmentRegion = en;
			hasScannedForEncodings = 0;
			knownRegions = (
				en,
				Base,
			);
			mainGroup = 0011A86422F5A94300305579;
			productRefGroup = 0011A86E22F5A94300305579 /* Products */;
			projectDirPath = "";
			projectRoot = "";
			targets = (
				0011A86C22F5A94300305579 /* KeysInMyPurse */,
				0011A88322F5A94E00305579 /* KeysInMyPurseTests */,
				0011A88E22F5A94E00305579 /* KeysInMyPurseUITests */,
			);
		};
/* End PBXProject section */

/* Begin PBXResourcesBuildPhase section */
		0011A86B22F5A94300305579 /* Resources */ = {
			isa = PBXResourcesBuildPhase;
			buildActionMask = 2147483647;
			files = (
				0011A87E22F5A94E00305579 /* LaunchScreen.storyboard in Resources */,
				0011A87B22F5A94E00305579 /* Assets.xcassets in Resources */,
				0011A87622F5A94300305579 /* Main.storyboard in Resources */,
			);
			runOnlyForDeploymentPostprocessing = 0;
		};
		0011A88222F5A94E00305579 /* Resources */ = {
			isa = PBXResourcesBuildPhase;
			buildActionMask = 2147483647;
			files = (
			);
			runOnlyForDeploymentPostprocessing = 0;
		};
		0011A88D22F5A94E00305579 /* Resources */ = {
			isa = PBXResourcesBuildPhase;
			buildActionMask = 2147483647;
			files = (
			);
			runOnlyForDeploymentPostprocessing = 0;
		};
/* End PBXResourcesBuildPhase section */

/* Begin PBXSourcesBuildPhase section */
		0011A86922F5A94300305579 /* Sources */ = {
			isa = PBXSourcesBuildPhase;
			buildActionMask = 2147483647;
			files = (
				0011A87922F5A94300305579 /* KeysInMyPurse.xcdatamodeld in Sources */,
				0011A87322F5A94300305579 /* ViewController.swift in Sources */,
				0052B7F022F5AB7B009149C7 /* AllKeysViewController.swift in Sources */,
				0052B7F422F5ACA5009149C7 /* KeysCell.swift in Sources */,
				0011A87122F5A94300305579 /* AppDelegate.swift in Sources */,
				0052B7F822F5B439009149C7 /* EditPasswordViewController.swift in Sources */,
				0052B7F222F5ABAE009149C7 /* KeychainWrapper.swift in Sources */,
			);
			runOnlyForDeploymentPostprocessing = 0;
		};
		0011A88022F5A94E00305579 /* Sources */ = {
			isa = PBXSourcesBuildPhase;
			buildActionMask = 2147483647;
			files = (
				0011A88922F5A94E00305579 /* KeysInMyPurseTests.swift in Sources */,
			);
			runOnlyForDeploymentPostprocessing = 0;
		};
		0011A88B22F5A94E00305579 /* Sources */ = {
			isa = PBXSourcesBuildPhase;
			buildActionMask = 2147483647;
			files = (
				0011A89422F5A94E00305579 /* KeysInMyPurseUITests.swift in Sources */,
			);
			runOnlyForDeploymentPostprocessing = 0;
		};
/* End PBXSourcesBuildPhase section */

/* Begin PBXTargetDependency section */
		0011A88622F5A94E00305579 /* PBXTargetDependency */ = {
			isa = PBXTargetDependency;
			target = 0011A86C22F5A94300305579 /* KeysInMyPurse */;
			targetProxy = 0011A88522F5A94E00305579 /* PBXContainerItemProxy */;
		};
		0011A89122F5A94E00305579 /* PBXTargetDependency */ = {
			isa = PBXTargetDependency;
			target = 0011A86C22F5A94300305579 /* KeysInMyPurse */;
			targetProxy = 0011A89022F5A94E00305579 /* PBXContainerItemProxy */;
		};
/* End PBXTargetDependency section */

/* Begin PBXVariantGroup section */
		0011A87422F5A94300305579 /* Main.storyboard */ = {
			isa = PBXVariantGroup;
			children = (
				0011A87522F5A94300305579 /* Base */,
			);
			name = Main.storyboard;
			sourceTree = "<group>";
		};
		0011A87C22F5A94E00305579 /* LaunchScreen.storyboard */ = {
			isa = PBXVariantGroup;
			children = (
				0011A87D22F5A94E00305579 /* Base */,
			);
			name = LaunchScreen.storyboard;
			sourceTree = "<group>";
		};
/* End PBXVariantGroup section */

/* Begin XCBuildConfiguration section */
		0011A89622F5A94E00305579 /* Debug */ = {
			isa = XCBuildConfiguration;
			buildSettings = {
				ALWAYS_SEARCH_USER_PATHS = NO;
				CLANG_ANALYZER_NONNULL = YES;
				CLANG_ANALYZER_NUMBER_OBJECT_CONVERSION = YES_AGGRESSIVE;
				CLANG_CXX_LANGUAGE_STANDARD = "gnu++14";
				CLANG_CXX_LIBRARY = "libc++";
				CLANG_ENABLE_MODULES = YES;
				CLANG_ENABLE_OBJC_ARC = YES;
				CLANG_ENABLE_OBJC_WEAK = YES;
				CLANG_WARN_BLOCK_CAPTURE_AUTORELEASING = YES;
				CLANG_WARN_BOOL_CONVERSION = YES;
				CLANG_WARN_COMMA = YES;
				CLANG_WARN_CONSTANT_CONVERSION = YES;
				CLANG_WARN_DEPRECATED_OBJC_IMPLEMENTATIONS = YES;
				CLANG_WARN_DIRECT_OBJC_ISA_USAGE = YES_ERROR;
				CLANG_WARN_DOCUMENTATION_COMMENTS = YES;
				CLANG_WARN_EMPTY_BODY = YES;
				CLANG_WARN_ENUM_CONVERSION = YES;
				CLANG_WARN_INFINITE_RECURSION = YES;
				CLANG_WARN_INT_CONVERSION = YES;
				CLANG_WARN_NON_LITERAL_NULL_CONVERSION = YES;
				CLANG_WARN_OBJC_IMPLICIT_RETAIN_SELF = YES;
				CLANG_WARN_OBJC_LITERAL_CONVERSION = YES;
				CLANG_WARN_OBJC_ROOT_CLASS = YES_ERROR;
				CLANG_WARN_RANGE_LOOP_ANALYSIS = YES;
				CLANG_WARN_STRICT_PROTOTYPES = YES;
				CLANG_WARN_SUSPICIOUS_MOVE = YES;
				CLANG_WARN_UNGUARDED_AVAILABILITY = YES_AGGRESSIVE;
				CLANG_WARN_UNREACHABLE_CODE = YES;
				CLANG_WARN__DUPLICATE_METHOD_MATCH = YES;
				CODE_SIGN_IDENTITY = "iPhone Developer";
				COPY_PHASE_STRIP = NO;
				DEBUG_INFORMATION_FORMAT = dwarf;
				ENABLE_STRICT_OBJC_MSGSEND = YES;
				ENABLE_TESTABILITY = YES;
				GCC_C_LANGUAGE_STANDARD = gnu11;
				GCC_DYNAMIC_NO_PIC = NO;
				GCC_NO_COMMON_BLOCKS = YES;
				GCC_OPTIMIZATION_LEVEL = 0;
				GCC_PREPROCESSOR_DEFINITIONS = (
					"DEBUG=1",
					"$(inherited)",
				);
				GCC_WARN_64_TO_32_BIT_CONVERSION = YES;
				GCC_WARN_ABOUT_RETURN_TYPE = YES_ERROR;
				GCC_WARN_UNDECLARED_SELECTOR = YES;
				GCC_WARN_UNINITIALIZED_AUTOS = YES_AGGRESSIVE;
				GCC_WARN_UNUSED_FUNCTION = YES;
				GCC_WARN_UNUSED_VARIABLE = YES;
				IPHONEOS_DEPLOYMENT_TARGET = 12.2;
				MTL_ENABLE_DEBUG_INFO = INCLUDE_SOURCE;
				MTL_FAST_MATH = YES;
				ONLY_ACTIVE_ARCH = YES;
				SDKROOT = iphoneos;
				SWIFT_ACTIVE_COMPILATION_CONDITIONS = DEBUG;
				SWIFT_OPTIMIZATION_LEVEL = "-Onone";
			};
			name = Debug;
		};
		0011A89722F5A94E00305579 /* Release */ = {
			isa = XCBuildConfiguration;
			buildSettings = {
				ALWAYS_SEARCH_USER_PATHS = NO;
				CLANG_ANALYZER_NONNULL = YES;
				CLANG_ANALYZER_NUMBER_OBJECT_CONVERSION = YES_AGGRESSIVE;
				CLANG_CXX_LANGUAGE_STANDARD = "gnu++14";
				CLANG_CXX_LIBRARY = "libc++";
				CLANG_ENABLE_MODULES = YES;
				CLANG_ENABLE_OBJC_ARC = YES;
				CLANG_ENABLE_OBJC_WEAK = YES;
				CLANG_WARN_BLOCK_CAPTURE_AUTORELEASING = YES;
				CLANG_WARN_BOOL_CONVERSION = YES;
				CLANG_WARN_COMMA = YES;
				CLANG_WARN_CONSTANT_CONVERSION = YES;
				CLANG_WARN_DEPRECATED_OBJC_IMPLEMENTATIONS = YES;
				CLANG_WARN_DIRECT_OBJC_ISA_USAGE = YES_ERROR;
				CLANG_WARN_DOCUMENTATION_COMMENTS = YES;
				CLANG_WARN_EMPTY_BODY = YES;
				CLANG_WARN_ENUM_CONVERSION = YES;
				CLANG_WARN_INFINITE_RECURSION = YES;
				CLANG_WARN_INT_CONVERSION = YES;
				CLANG_WARN_NON_LITERAL_NULL_CONVERSION = YES;
				CLANG_WARN_OBJC_IMPLICIT_RETAIN_SELF = YES;
				CLANG_WARN_OBJC_LITERAL_CONVERSION = YES;
				CLANG_WARN_OBJC_ROOT_CLASS = YES_ERROR;
				CLANG_WARN_RANGE_LOOP_ANALYSIS = YES;
				CLANG_WARN_STRICT_PROTOTYPES = YES;
				CLANG_WARN_SUSPICIOUS_MOVE = YES;
				CLANG_WARN_UNGUARDED_AVAILABILITY = YES_AGGRESSIVE;
				CLANG_WARN_UNREACHABLE_CODE = YES;
				CLANG_WARN__DUPLICATE_METHOD_MATCH = YES;
				CODE_SIGN_IDENTITY = "iPhone Developer";
				COPY_PHASE_STRIP = NO;
				DEBUG_INFORMATION_FORMAT = "dwarf-with-dsym";
				ENABLE_NS_ASSERTIONS = NO;
				ENABLE_STRICT_OBJC_MSGSEND = YES;
				GCC_C_LANGUAGE_STANDARD = gnu11;
				GCC_NO_COMMON_BLOCKS = YES;
				GCC_WARN_64_TO_32_BIT_CONVERSION = YES;
				GCC_WARN_ABOUT_RETURN_TYPE = YES_ERROR;
				GCC_WARN_UNDECLARED_SELECTOR = YES;
				GCC_WARN_UNINITIALIZED_AUTOS = YES_AGGRESSIVE;
				GCC_WARN_UNUSED_FUNCTION = YES;
				GCC_WARN_UNUSED_VARIABLE = YES;
				IPHONEOS_DEPLOYMENT_TARGET = 12.2;
				MTL_ENABLE_DEBUG_INFO = NO;
				MTL_FAST_MATH = YES;
				SDKROOT = iphoneos;
				SWIFT_COMPILATION_MODE = wholemodule;
				SWIFT_OPTIMIZATION_LEVEL = "-O";
				VALIDATE_PRODUCT = YES;
			};
			name = Release;
		};
		0011A89922F5A94E00305579 /* Debug */ = {
			isa = XCBuildConfiguration;
			buildSettings = {
				ASSETCATALOG_COMPILER_APPICON_NAME = AppIcon;
				CODE_SIGN_STYLE = Automatic;
				DEVELOPMENT_TEAM = 499NLNJYQN;
				INFOPLIST_FILE = KeysInMyPurse/Info.plist;
				LD_RUNPATH_SEARCH_PATHS = (
					"$(inherited)",
					"@executable_path/Frameworks",
				);
				PRODUCT_BUNDLE_IDENTIFIER = com.viranchee.KeysInMyPurse;
				PRODUCT_NAME = "$(TARGET_NAME)";
				SWIFT_VERSION = 5.0;
				TARGETED_DEVICE_FAMILY = "1,2";
			};
			name = Debug;
		};
		0011A89A22F5A94E00305579 /* Release */ = {
			isa = XCBuildConfiguration;
			buildSettings = {
				ASSETCATALOG_COMPILER_APPICON_NAME = AppIcon;
				CODE_SIGN_STYLE = Automatic;
				DEVELOPMENT_TEAM = 499NLNJYQN;
				INFOPLIST_FILE = KeysInMyPurse/Info.plist;
				LD_RUNPATH_SEARCH_PATHS = (
					"$(inherited)",
					"@executable_path/Frameworks",
				);
				PRODUCT_BUNDLE_IDENTIFIER = com.viranchee.KeysInMyPurse;
				PRODUCT_NAME = "$(TARGET_NAME)";
				SWIFT_VERSION = 5.0;
				TARGETED_DEVICE_FAMILY = "1,2";
			};
			name = Release;
		};
		0011A89C22F5A94E00305579 /* Debug */ = {
			isa = XCBuildConfiguration;
			buildSettings = {
				ALWAYS_EMBED_SWIFT_STANDARD_LIBRARIES = YES;
				BUNDLE_LOADER = "$(TEST_HOST)";
				CODE_SIGN_STYLE = Automatic;
				DEVELOPMENT_TEAM = 499NLNJYQN;
				INFOPLIST_FILE = KeysInMyPurseTests/Info.plist;
				LD_RUNPATH_SEARCH_PATHS = (
					"$(inherited)",
					"@executable_path/Frameworks",
					"@loader_path/Frameworks",
				);
				PRODUCT_BUNDLE_IDENTIFIER = com.viranchee.KeysInMyPurseTests;
				PRODUCT_NAME = "$(TARGET_NAME)";
				SWIFT_VERSION = 5.0;
				TARGETED_DEVICE_FAMILY = "1,2";
				TEST_HOST = "$(BUILT_PRODUCTS_DIR)/KeysInMyPurse.app/KeysInMyPurse";
			};
			name = Debug;
		};
		0011A89D22F5A94E00305579 /* Release */ = {
			isa = XCBuildConfiguration;
			buildSettings = {
				ALWAYS_EMBED_SWIFT_STANDARD_LIBRARIES = YES;
				BUNDLE_LOADER = "$(TEST_HOST)";
				CODE_SIGN_STYLE = Automatic;
				DEVELOPMENT_TEAM = 499NLNJYQN;
				INFOPLIST_FILE = KeysInMyPurseTests/Info.plist;
				LD_RUNPATH_SEARCH_PATHS = (
					"$(inherited)",
					"@executable_path/Frameworks",
					"@loader_path/Frameworks",
				);
				PRODUCT_BUNDLE_IDENTIFIER = com.viranchee.KeysInMyPurseTests;
				PRODUCT_NAME = "$(TARGET_NAME)";
				SWIFT_VERSION = 5.0;
				TARGETED_DEVICE_FAMILY = "1,2";
				TEST_HOST = "$(BUILT_PRODUCTS_DIR)/KeysInMyPurse.app/KeysInMyPurse";
			};
			name = Release;
		};
		0011A89F22F5A94E00305579 /* Debug */ = {
			isa = XCBuildConfiguration;
			buildSettings = {
				ALWAYS_EMBED_SWIFT_STANDARD_LIBRARIES = YES;
				CODE_SIGN_STYLE = Automatic;
				DEVELOPMENT_TEAM = 499NLNJYQN;
				INFOPLIST_FILE = KeysInMyPurseUITests/Info.plist;
				LD_RUNPATH_SEARCH_PATHS = (
					"$(inherited)",
					"@executable_path/Frameworks",
					"@loader_path/Frameworks",
				);
				PRODUCT_BUNDLE_IDENTIFIER = com.viranchee.KeysInMyPurseUITests;
				PRODUCT_NAME = "$(TARGET_NAME)";
				SWIFT_VERSION = 5.0;
				TARGETED_DEVICE_FAMILY = "1,2";
				TEST_TARGET_NAME = KeysInMyPurse;
			};
			name = Debug;
		};
		0011A8A022F5A94E00305579 /* Release */ = {
			isa = XCBuildConfiguration;
			buildSettings = {
				ALWAYS_EMBED_SWIFT_STANDARD_LIBRARIES = YES;
				CODE_SIGN_STYLE = Automatic;
				DEVELOPMENT_TEAM = 499NLNJYQN;
				INFOPLIST_FILE = KeysInMyPurseUITests/Info.plist;
				LD_RUNPATH_SEARCH_PATHS = (
					"$(inherited)",
					"@executable_path/Frameworks",
					"@loader_path/Frameworks",
				);
				PRODUCT_BUNDLE_IDENTIFIER = com.viranchee.KeysInMyPurseUITests;
				PRODUCT_NAME = "$(TARGET_NAME)";
				SWIFT_VERSION = 5.0;
				TARGETED_DEVICE_FAMILY = "1,2";
				TEST_TARGET_NAME = KeysInMyPurse;
			};
			name = Release;
		};
/* End XCBuildConfiguration section */

/* Begin XCConfigurationList section */
		0011A86822F5A94300305579 /* Build configuration list for PBXProject "KeysInMyPurse" */ = {
			isa = XCConfigurationList;
			buildConfigurations = (
				0011A89622F5A94E00305579 /* Debug */,
				0011A89722F5A94E00305579 /* Release */,
			);
			defaultConfigurationIsVisible = 0;
			defaultConfigurationName = Release;
		};
		0011A89822F5A94E00305579 /* Build configuration list for PBXNativeTarget "KeysInMyPurse" */ = {
			isa = XCConfigurationList;
			buildConfigurations = (
				0011A89922F5A94E00305579 /* Debug */,
				0011A89A22F5A94E00305579 /* Release */,
			);
			defaultConfigurationIsVisible = 0;
			defaultConfigurationName = Release;
		};
		0011A89B22F5A94E00305579 /* Build configuration list for PBXNativeTarget "KeysInMyPurseTests" */ = {
			isa = XCConfigurationList;
			buildConfigurations = (
				0011A89C22F5A94E00305579 /* Debug */,
				0011A89D22F5A94E00305579 /* Release */,
			);
			defaultConfigurationIsVisible = 0;
			defaultConfigurationName = Release;
		};
		0011A89E22F5A94E00305579 /* Build configuration list for PBXNativeTarget "KeysInMyPurseUITests" */ = {
			isa = XCConfigurationList;
			buildConfigurations = (
				0011A89F22F5A94E00305579 /* Debug */,
				0011A8A022F5A94E00305579 /* Release */,
			);
			defaultConfigurationIsVisible = 0;
			defaultConfigurationName = Release;
		};
/* End XCConfigurationList section */

/* Begin XCVersionGroup section */
		0011A87722F5A94300305579 /* KeysInMyPurse.xcdatamodeld */ = {
			isa = XCVersionGroup;
			children = (
				0011A87822F5A94300305579 /* KeysInMyPurse.xcdatamodel */,
			);
			currentVersion = 0011A87822F5A94300305579 /* KeysInMyPurse.xcdatamodel */;
			path = KeysInMyPurse.xcdatamodeld;
			sourceTree = "<group>";
			versionGroupType = wrapper.xcdatamodel;
		};
/* End XCVersionGroup section */
	};
	rootObject = 0011A86522F5A94300305579 /* Project object */;
}
